# Test DuckDB chunking file lock (issue #717)
# When using chunk_size with DuckDB target, ClearTableForChunkLoadWithRange
# must close its connection before chunk tasks open theirs, otherwise
# DuckDB's exclusive file lock causes "Could not set lock on file" errors.

steps:
  # 1. Create source table in Postgres
  - id: setup
    connection: postgres
    query: |
      DROP TABLE IF EXISTS public.test_duckdb_chunk_lock;
      CREATE TABLE public.test_duckdb_chunk_lock AS
      SELECT generate_series AS id, 'name_' || generate_series AS name
      FROM generate_series(1, 1000);

  - log: "Created source table with 1000 rows"

  # 2. Run replication with chunking to DuckDB target
  - replication:
      source: postgres
      target: DUCKDB
      defaults:
        mode: full-refresh
        target_options:
          use_bulk: false
      env:
        SLING_THREADS: 1
      streams:
        public.test_duckdb_chunk_lock:
          object: main.test_duckdb_chunk_lock
          primary_key: [id]
          update_key: id
          source_options:
            chunk_size: 250
    on_failure: abort

  - log: "Replication with chunking completed"

  # 3. Verify all 1000 rows arrived
  - connection: DUCKDB
    query: SELECT count(*) as cnt FROM main.test_duckdb_chunk_lock
    into: result

  - log: "DuckDB row count: {store.result[0].cnt}"

  - check: int_parse(store.result[0].cnt) == 1000
    failure_message: "Expected 1000 rows, got {store.result[0].cnt}"

  - log: "SUCCESS: DuckDB chunking with chunk_size works (issue #717)"

  # 4. Cleanup
  - connection: DUCKDB
    query: DROP TABLE IF EXISTS main.test_duckdb_chunk_lock;

  - connection: postgres
    query: DROP TABLE IF EXISTS public.test_duckdb_chunk_lock;
